
Microsoft Visual Studio Solution File, Format Version 12.00
# Visual Studio Version 16
VisualStudioVersion = 16.0.30114.105
MinimumVisualStudioVersion = 10.0.40219.1
Project("{FAE04EC0-301F-11D3-BF4B-00C04F79EFBC}") = "PostExperimentControl", "PostExperimentControl\PostExperimentControl.csproj", "{BD2C6707-A845-47E3-BEEC-A2FB5B7D0430}"
EndProject
Global
	GlobalSection(SolutionConfigurationPlatforms) = preSolution
		Debug|Any CPU = Debug|Any CPU
		Release|Any CPU = Release|Any CPU
	EndGlobalSection
	GlobalSection(ProjectConfigurationPlatforms) = postSolution
		{BD2C6707-A845-47E3-BEEC-A2FB5B7D0430}.Debug|Any CPU.ActiveCfg = Debug|Any CPU
		{BD2C6707-A845-47E3-BEEC-A2FB5B7D0430}.Debug|Any CPU.Build.0 = Debug|Any CPU
		{BD2C6707-A845-47E3-BEEC-A2FB5B7D0430}.Release|Any CPU.ActiveCfg = Release|Any CPU
		{BD2C6707-A845-47E3-BEEC-A2FB5B7D0430}.Release|Any CPU.Build.0 = Release|Any CPU
	EndGlobalSection
	GlobalSection(SolutionProperties) = preSolution
		HideSolutionNode = FALSE
	EndGlobalSection
	GlobalSection(ExtensibilityGlobals) = postSolution
		SolutionGuid = {0DA2E491-969C-4BEE-8038-6ECB3396300D}
	EndGlobalSection
EndGlobal
